// !$*UTF8*$!
{
	archiveVersion = 1;
	classes = {
	};
	objectVersion = 60;
	objects = {

/* Begin PBXBuildFile section */
		8AF134462C7E4984002E4E3C /* AppDelegate.swift in Sources */ = {isa = PBXBuildFile; fileRef = 8AF134452C7E4984002E4E3C /* AppDelegate.swift */; };
		8AF134482C7E4984002E4E3C /* SceneDelegate.swift in Sources */ = {isa = PBXBuildFile; fileRef = 8AF134472C7E4984002E4E3C /* SceneDelegate.swift */; };
		8AF1344F2C7E4986002E4E3C /* Assets.xcassets in Resources */ = {isa = PBXBuildFile; fileRef = 8AF1344E2C7E4986002E4E3C /* Assets.xcassets */; };
		8AF134522C7E4986002E4E3C /* Base in Resources */ = {isa = PBXBuildFile; fileRef = 8AF134512C7E4986002E4E3C /* Base */; };
		8AF134602C7E4B6E002E4E3C /* Gist.swift in Sources */ = {isa = PBXBuildFile; fileRef = 8AF1345F2C7E4B6E002E4E3C /* Gist.swift */; };
		8AF134622C7E532A002E4E3C /* GistRepository.swift in Sources */ = {isa = PBXBuildFile; fileRef = 8AF134612C7E532A002E4E3C /* GistRepository.swift */; };
		8AF134642C7E538A002E4E3C /* ProductionGistRepository.swift in Sources */ = {isa = PBXBuildFile; fileRef = 8AF134632C7E538A002E4E3C /* ProductionGistRepository.swift */; };
		8AF134972C7FB75B002E4E3C /* NetworkService in Frameworks */ = {isa = PBXBuildFile; productRef = 8AF134962C7FB75B002E4E3C /* NetworkService */; };
		8AF134992C7FBE74002E4E3C /* GistsListVC.swift in Sources */ = {isa = PBXBuildFile; fileRef = 8AF134982C7FBE74002E4E3C /* GistsListVC.swift */; };
		8AF1349B2C7FC335002E4E3C /* GistCell.swift in Sources */ = {isa = PBXBuildFile; fileRef = 8AF1349A2C7FC335002E4E3C /* GistCell.swift */; };
		8AF1349F2C7FDBFB002E4E3C /* SnapKit in Frameworks */ = {isa = PBXBuildFile; productRef = 8AF1349E2C7FDBFB002E4E3C /* SnapKit */; };
		8AF134A12C7FDBFB002E4E3C /* SnapKit-Dynamic in Frameworks */ = {isa = PBXBuildFile; productRef = 8AF134A02C7FDBFB002E4E3C /* SnapKit-Dynamic */; };
		8AF134A32C7FFEFC002E4E3C /* CGFloat+SpacingTokens.swift in Sources */ = {isa = PBXBuildFile; fileRef = 8AF134A22C7FFEFB002E4E3C /* CGFloat+SpacingTokens.swift */; };
		8AF134A52C80157B002E4E3C /* GistsListVM.swift in Sources */ = {isa = PBXBuildFile; fileRef = 8AF134A42C80157B002E4E3C /* GistsListVM.swift */; };
/* End PBXBuildFile section */

/* Begin PBXFileReference section */
		8AF134422C7E4984002E4E3C /* GistsApp.app */ = {isa = PBXFileReference; explicitFileType = wrapper.application; includeInIndex = 0; path = GistsApp.app; sourceTree = BUILT_PRODUCTS_DIR; };
		8AF134452C7E4984002E4E3C /* AppDelegate.swift */ = {isa = PBXFileReference; lastKnownFileType = sourcecode.swift; path = AppDelegate.swift; sourceTree = "<group>"; };
		8AF134472C7E4984002E4E3C /* SceneDelegate.swift */ = {isa = PBXFileReference; lastKnownFileType = sourcecode.swift; path = SceneDelegate.swift; sourceTree = "<group>"; };
		8AF1344E2C7E4986002E4E3C /* Assets.xcassets */ = {isa = PBXFileReference; lastKnownFileType = folder.assetcatalog; path = Assets.xcassets; sourceTree = "<group>"; };
		8AF134512C7E4986002E4E3C /* Base */ = {isa = PBXFileReference; lastKnownFileType = file.storyboard; name = Base; path = Base.lproj/LaunchScreen.storyboard; sourceTree = "<group>"; };
		8AF134532C7E4986002E4E3C /* Info.plist */ = {isa = PBXFileReference; lastKnownFileType = text.plist.xml; path = Info.plist; sourceTree = "<group>"; };
		8AF1345F2C7E4B6E002E4E3C /* Gist.swift */ = {isa = PBXFileReference; lastKnownFileType = sourcecode.swift; path = Gist.swift; sourceTree = "<group>"; };
		8AF134612C7E532A002E4E3C /* GistRepository.swift */ = {isa = PBXFileReference; lastKnownFileType = sourcecode.swift; path = GistRepository.swift; sourceTree = "<group>"; };
		8AF134632C7E538A002E4E3C /* ProductionGistRepository.swift */ = {isa = PBXFileReference; lastKnownFileType = sourcecode.swift; path = ProductionGistRepository.swift; sourceTree = "<group>"; };
		8AF134982C7FBE74002E4E3C /* GistsListVC.swift */ = {isa = PBXFileReference; lastKnownFileType = sourcecode.swift; path = GistsListVC.swift; sourceTree = "<group>"; };
		8AF1349A2C7FC335002E4E3C /* GistCell.swift */ = {isa = PBXFileReference; lastKnownFileType = sourcecode.swift; path = GistCell.swift; sourceTree = "<group>"; };
		8AF134A22C7FFEFB002E4E3C /* CGFloat+SpacingTokens.swift */ = {isa = PBXFileReference; fileEncoding = 4; lastKnownFileType = sourcecode.swift; path = "CGFloat+SpacingTokens.swift"; sourceTree = "<group>"; };
		8AF134A42C80157B002E4E3C /* GistsListVM.swift */ = {isa = PBXFileReference; lastKnownFileType = sourcecode.swift; path = GistsListVM.swift; sourceTree = "<group>"; };
/* End PBXFileReference section */

/* Begin PBXFrameworksBuildPhase section */
		8AF1343F2C7E4984002E4E3C /* Frameworks */ = {
			isa = PBXFrameworksBuildPhase;
			buildActionMask = 2147483647;
			files = (
				8AF134972C7FB75B002E4E3C /* NetworkService in Frameworks */,
				8AF1349F2C7FDBFB002E4E3C /* SnapKit in Frameworks */,
				8AF134A12C7FDBFB002E4E3C /* SnapKit-Dynamic in Frameworks */,
			);
			runOnlyForDeploymentPostprocessing = 0;
		};
/* End PBXFrameworksBuildPhase section */

/* Begin PBXGroup section */
		8AF134392C7E4984002E4E3C = {
			isa = PBXGroup;
			children = (
				8AF134442C7E4984002E4E3C /* GistsApp */,
				8AF134432C7E4984002E4E3C /* Products */,
			);
			sourceTree = "<group>";
		};
		8AF134432C7E4984002E4E3C /* Products */ = {
			isa = PBXGroup;
			children = (
				8AF134422C7E4984002E4E3C /* GistsApp.app */,
			);
			name = Products;
			sourceTree = "<group>";
		};
		8AF134442C7E4984002E4E3C /* GistsApp */ = {
			isa = PBXGroup;
			children = (
				8AF1345C2C7E4AC3002E4E3C /* Gists List */,
				8AF134452C7E4984002E4E3C /* AppDelegate.swift */,
				8AF134472C7E4984002E4E3C /* SceneDelegate.swift */,
				8AF134A22C7FFEFB002E4E3C /* CGFloat+SpacingTokens.swift */,
				8AF1344E2C7E4986002E4E3C /* Assets.xcassets */,
				8AF134502C7E4986002E4E3C /* LaunchScreen.storyboard */,
				8AF134532C7E4986002E4E3C /* Info.plist */,
			);
			path = GistsApp;
			sourceTree = "<group>";
		};
		8AF1345C2C7E4AC3002E4E3C /* Gists List */ = {
			isa = PBXGroup;
			children = (
				8AF1345E2C7E4AE8002E4E3C /* Data */,
				8AF1345D2C7E4AE3002E4E3C /* UI */,
			);
			path = "Gists List";
			sourceTree = "<group>";
		};
		8AF1345D2C7E4AE3002E4E3C /* UI */ = {
			isa = PBXGroup;
			children = (
				8AF1349C2C7FC339002E4E3C /* Components */,
				8AF134982C7FBE74002E4E3C /* GistsListVC.swift */,
				8AF134A42C80157B002E4E3C /* GistsListVM.swift */,
			);
			path = UI;
			sourceTree = "<group>";
		};
		8AF1345E2C7E4AE8002E4E3C /* Data */ = {
			isa = PBXGroup;
			children = (
				8AF1345F2C7E4B6E002E4E3C /* Gist.swift */,
				8AF134612C7E532A002E4E3C /* GistRepository.swift */,
				8AF134632C7E538A002E4E3C /* ProductionGistRepository.swift */,
			);
			path = Data;
			sourceTree = "<group>";
		};
		8AF1349C2C7FC339002E4E3C /* Components */ = {
			isa = PBXGroup;
			children = (
				8AF1349A2C7FC335002E4E3C /* GistCell.swift */,
			);
			path = Components;
			sourceTree = "<group>";
		};
/* End PBXGroup section */

/* Begin PBXNativeTarget section */
		8AF134412C7E4984002E4E3C /* GistsApp */ = {
			isa = PBXNativeTarget;
			buildConfigurationList = 8AF134562C7E4986002E4E3C /* Build configuration list for PBXNativeTarget "GistsApp" */;
			buildPhases = (
				8AF1343E2C7E4984002E4E3C /* Sources */,
				8AF1343F2C7E4984002E4E3C /* Frameworks */,
				8AF134402C7E4984002E4E3C /* Resources */,
			);
			buildRules = (
			);
			dependencies = (
			);
			name = GistsApp;
			packageProductDependencies = (
				8AF134962C7FB75B002E4E3C /* NetworkService */,
				8AF1349E2C7FDBFB002E4E3C /* SnapKit */,
				8AF134A02C7FDBFB002E4E3C /* SnapKit-Dynamic */,
			);
			productName = GistsApp;
			productReference = 8AF134422C7E4984002E4E3C /* GistsApp.app */;
			productType = "com.apple.product-type.application";
		};
/* End PBXNativeTarget section */

/* Begin PBXProject section */
		8AF1343A2C7E4984002E4E3C /* Project object */ = {
			isa = PBXProject;
			attributes = {
				BuildIndependentTargetsInParallel = 1;
				LastSwiftUpdateCheck = 1530;
				LastUpgradeCheck = 1530;
				TargetAttributes = {
					8AF134412C7E4984002E4E3C = {
						CreatedOnToolsVersion = 15.3;
					};
				};
			};
			buildConfigurationList = 8AF1343D2C7E4984002E4E3C /* Build configuration list for PBXProject "GistsApp" */;
			compatibilityVersion = "Xcode 14.0";
			developmentRegion = en;
			hasScannedForEncodings = 0;
			knownRegions = (
				en,
				Base,
			);
			mainGroup = 8AF134392C7E4984002E4E3C;
			packageReferences = (
				8AF134952C7FB75B002E4E3C /* XCLocalSwiftPackageReference "Dependencies/NetworkService" */,
				8AF1349D2C7FDBFB002E4E3C /* XCRemoteSwiftPackageReference "SnapKit" */,
			);
			productRefGroup = 8AF134432C7E4984002E4E3C /* Products */;
			projectDirPath = "";
			projectRoot = "";
			targets = (
				8AF134412C7E4984002E4E3C /* GistsApp */,
			);
		};
/* End PBXProject section */

/* Begin PBXResourcesBuildPhase section */
		8AF134402C7E4984002E4E3C /* Resources */ = {
			isa = PBXResourcesBuildPhase;
			buildActionMask = 2147483647;
			files = (
				8AF1344F2C7E4986002E4E3C /* Assets.xcassets in Resources */,
				8AF134522C7E4986002E4E3C /* Base in Resources */,
			);
			runOnlyForDeploymentPostprocessing = 0;
		};
/* End PBXResourcesBuildPhase section */

/* Begin PBXSourcesBuildPhase section */
		8AF1343E2C7E4984002E4E3C /* Sources */ = {
			isa = PBXSourcesBuildPhase;
			buildActionMask = 2147483647;
			files = (
				8AF134A52C80157B002E4E3C /* GistsListVM.swift in Sources */,
				8AF1349B2C7FC335002E4E3C /* GistCell.swift in Sources */,
				8AF134602C7E4B6E002E4E3C /* Gist.swift in Sources */,
				8AF134A32C7FFEFC002E4E3C /* CGFloat+SpacingTokens.swift in Sources */,
				8AF134992C7FBE74002E4E3C /* GistsListVC.swift in Sources */,
				8AF134642C7E538A002E4E3C /* ProductionGistRepository.swift in Sources */,
				8AF134622C7E532A002E4E3C /* GistRepository.swift in Sources */,
				8AF134462C7E4984002E4E3C /* AppDelegate.swift in Sources */,
				8AF134482C7E4984002E4E3C /* SceneDelegate.swift in Sources */,
			);
			runOnlyForDeploymentPostprocessing = 0;
		};
/* End PBXSourcesBuildPhase section */

/* Begin PBXVariantGroup section */
		8AF134502C7E4986002E4E3C /* LaunchScreen.storyboard */ = {
			isa = PBXVariantGroup;
			children = (
				8AF134512C7E4986002E4E3C /* Base */,
			);
			name = LaunchScreen.storyboard;
			sourceTree = "<group>";
		};
/* End PBXVariantGroup section */

/* Begin XCBuildConfiguration section */
		8AF134542C7E4986002E4E3C /* Debug */ = {
			isa = XCBuildConfiguration;
			buildSettings = {
				ALWAYS_SEARCH_USER_PATHS = NO;
				ASSETCATALOG_COMPILER_GENERATE_SWIFT_ASSET_SYMBOL_EXTENSIONS = YES;
				CLANG_ANALYZER_NONNULL = YES;
				CLANG_ANALYZER_NUMBER_OBJECT_CONVERSION = YES_AGGRESSIVE;
				CLANG_CXX_LANGUAGE_STANDARD = "gnu++20";
				CLANG_ENABLE_MODULES = YES;
				CLANG_ENABLE_OBJC_ARC = YES;
				CLANG_ENABLE_OBJC_WEAK = YES;
				CLANG_WARN_BLOCK_CAPTURE_AUTORELEASING = YES;
				CLANG_WARN_BOOL_CONVERSION = YES;
				CLANG_WARN_COMMA = YES;
				CLANG_WARN_CONSTANT_CONVERSION = YES;
				CLANG_WARN_DEPRECATED_OBJC_IMPLEMENTATIONS = YES;
				CLANG_WARN_DIRECT_OBJC_ISA_USAGE = YES_ERROR;
				CLANG_WARN_DOCUMENTATION_COMMENTS = YES;
				CLANG_WARN_EMPTY_BODY = YES;
				CLANG_WARN_ENUM_CONVERSION = YES;
				CLANG_WARN_INFINITE_RECURSION = YES;
				CLANG_WARN_INT_CONVERSION = YES;
				CLANG_WARN_NON_LITERAL_NULL_CONVERSION = YES;
				CLANG_WARN_OBJC_IMPLICIT_RETAIN_SELF = YES;
				CLANG_WARN_OBJC_LITERAL_CONVERSION = YES;
				CLANG_WARN_OBJC_ROOT_CLASS = YES_ERROR;
				CLANG_WARN_QUOTED_INCLUDE_IN_FRAMEWORK_HEADER = YES;
				CLANG_WARN_RANGE_LOOP_ANALYSIS = YES;
				CLANG_WARN_STRICT_PROTOTYPES = YES;
				CLANG_WARN_SUSPICIOUS_MOVE = YES;
				CLANG_WARN_UNGUARDED_AVAILABILITY = YES_AGGRESSIVE;
				CLANG_WARN_UNREACHABLE_CODE = YES;
				CLANG_WARN__DUPLICATE_METHOD_MATCH = YES;
				COPY_PHASE_STRIP = NO;
				DEBUG_INFORMATION_FORMAT = dwarf;
				ENABLE_STRICT_OBJC_MSGSEND = YES;
				ENABLE_TESTABILITY = YES;
				ENABLE_USER_SCRIPT_SANDBOXING = YES;
				GCC_C_LANGUAGE_STANDARD = gnu17;
				GCC_DYNAMIC_NO_PIC = NO;
				GCC_NO_COMMON_BLOCKS = YES;
				GCC_OPTIMIZATION_LEVEL = 0;
				GCC_PREPROCESSOR_DEFINITIONS = (
					"DEBUG=1",
					"$(inherited)",
				);
				GCC_WARN_64_TO_32_BIT_CONVERSION = YES;
				GCC_WARN_ABOUT_RETURN_TYPE = YES_ERROR;
				GCC_WARN_UNDECLARED_SELECTOR = YES;
				GCC_WARN_UNINITIALIZED_AUTOS = YES_AGGRESSIVE;
				GCC_WARN_UNUSED_FUNCTION = YES;
				GCC_WARN_UNUSED_VARIABLE = YES;
				IPHONEOS_DEPLOYMENT_TARGET = 17.4;
				LOCALIZATION_PREFERS_STRING_CATALOGS = YES;
				MTL_ENABLE_DEBUG_INFO = INCLUDE_SOURCE;
				MTL_FAST_MATH = YES;
				ONLY_ACTIVE_ARCH = YES;
				SDKROOT = iphoneos;
				SWIFT_ACTIVE_COMPILATION_CONDITIONS = "DEBUG $(inherited)";
				SWIFT_OPTIMIZATION_LEVEL = "-Onone";
			};
			name = Debug;
		};
		8AF134552C7E4986002E4E3C /* Release */ = {
			isa = XCBuildConfiguration;
			buildSettings = {
				ALWAYS_SEARCH_USER_PATHS = NO;
				ASSETCATALOG_COMPILER_GENERATE_SWIFT_ASSET_SYMBOL_EXTENSIONS = YES;
				CLANG_ANALYZER_NONNULL = YES;
				CLANG_ANALYZER_NUMBER_OBJECT_CONVERSION = YES_AGGRESSIVE;
				CLANG_CXX_LANGUAGE_STANDARD = "gnu++20";
				CLANG_ENABLE_MODULES = YES;
				CLANG_ENABLE_OBJC_ARC = YES;
				CLANG_ENABLE_OBJC_WEAK = YES;
				CLANG_WARN_BLOCK_CAPTURE_AUTORELEASING = YES;
				CLANG_WARN_BOOL_CONVERSION = YES;
				CLANG_WARN_COMMA = YES;
				CLANG_WARN_CONSTANT_CONVERSION = YES;
				CLANG_WARN_DEPRECATED_OBJC_IMPLEMENTATIONS = YES;
				CLANG_WARN_DIRECT_OBJC_ISA_USAGE = YES_ERROR;
				CLANG_WARN_DOCUMENTATION_COMMENTS = YES;
				CLANG_WARN_EMPTY_BODY = YES;
				CLANG_WARN_ENUM_CONVERSION = YES;
				CLANG_WARN_INFINITE_RECURSION = YES;
				CLANG_WARN_INT_CONVERSION = YES;
				CLANG_WARN_NON_LITERAL_NULL_CONVERSION = YES;
				CLANG_WARN_OBJC_IMPLICIT_RETAIN_SELF = YES;
				CLANG_WARN_OBJC_LITERAL_CONVERSION = YES;
				CLANG_WARN_OBJC_ROOT_CLASS = YES_ERROR;
				CLANG_WARN_QUOTED_INCLUDE_IN_FRAMEWORK_HEADER = YES;
				CLANG_WARN_RANGE_LOOP_ANALYSIS = YES;
				CLANG_WARN_STRICT_PROTOTYPES = YES;
				CLANG_WARN_SUSPICIOUS_MOVE = YES;
				CLANG_WARN_UNGUARDED_AVAILABILITY = YES_AGGRESSIVE;
				CLANG_WARN_UNREACHABLE_CODE = YES;
				CLANG_WARN__DUPLICATE_METHOD_MATCH = YES;
				COPY_PHASE_STRIP = NO;
				DEBUG_INFORMATION_FORMAT = "dwarf-with-dsym";
				ENABLE_NS_ASSERTIONS = NO;
				ENABLE_STRICT_OBJC_MSGSEND = YES;
				ENABLE_USER_SCRIPT_SANDBOXING = YES;
				GCC_C_LANGUAGE_STANDARD = gnu17;
				GCC_NO_COMMON_BLOCKS = YES;
				GCC_WARN_64_TO_32_BIT_CONVERSION = YES;
				GCC_WARN_ABOUT_RETURN_TYPE = YES_ERROR;
				GCC_WARN_UNDECLARED_SELECTOR = YES;
				GCC_WARN_UNINITIALIZED_AUTOS = YES_AGGRESSIVE;
				GCC_WARN_UNUSED_FUNCTION = YES;
				GCC_WARN_UNUSED_VARIABLE = YES;
				IPHONEOS_DEPLOYMENT_TARGET = 17.4;
				LOCALIZATION_PREFERS_STRING_CATALOGS = YES;
				MTL_ENABLE_DEBUG_INFO = NO;
				MTL_FAST_MATH = YES;
				SDKROOT = iphoneos;
				SWIFT_COMPILATION_MODE = wholemodule;
				VALIDATE_PRODUCT = YES;
			};
			name = Release;
		};
		8AF134572C7E4986002E4E3C /* Debug */ = {
			isa = XCBuildConfiguration;
			buildSettings = {
				ASSETCATALOG_COMPILER_APPICON_NAME = AppIcon;
				ASSETCATALOG_COMPILER_GLOBAL_ACCENT_COLOR_NAME = AccentColor;
				CODE_SIGN_STYLE = Automatic;
				CURRENT_PROJECT_VERSION = 1;
				DEVELOPMENT_TEAM = L8FG2UUYUJ;
				GENERATE_INFOPLIST_FILE = YES;
				INFOPLIST_FILE = GistsApp/Info.plist;
				INFOPLIST_KEY_UIApplicationSupportsIndirectInputEvents = YES;
				INFOPLIST_KEY_UILaunchStoryboardName = LaunchScreen;
				INFOPLIST_KEY_UISupportedInterfaceOrientations_iPad = "UIInterfaceOrientationPortrait UIInterfaceOrientationPortraitUpsideDown UIInterfaceOrientationLandscapeLeft UIInterfaceOrientationLandscapeRight";
				INFOPLIST_KEY_UISupportedInterfaceOrientations_iPhone = "UIInterfaceOrientationPortrait UIInterfaceOrientationLandscapeLeft UIInterfaceOrientationLandscapeRight";
				LD_RUNPATH_SEARCH_PATHS = (
					"$(inherited)",
					"@executable_path/Frameworks",
				);
				MARKETING_VERSION = 1.0;
				PRODUCT_BUNDLE_IDENTIFIER = jvico.GistsApp;
				PRODUCT_NAME = "$(TARGET_NAME)";
				SWIFT_EMIT_LOC_STRINGS = YES;
				SWIFT_VERSION = 5.0;
				TARGETED_DEVICE_FAMILY = "1,2";
			};
			name = Debug;
		};
		8AF134582C7E4986002E4E3C /* Release */ = {
			isa = XCBuildConfiguration;
			buildSettings = {
				ASSETCATALOG_COMPILER_APPICON_NAME = AppIcon;
				ASSETCATALOG_COMPILER_GLOBAL_ACCENT_COLOR_NAME = AccentColor;
				CODE_SIGN_STYLE = Automatic;
				CURRENT_PROJECT_VERSION = 1;
				DEVELOPMENT_TEAM = L8FG2UUYUJ;
				GENERATE_INFOPLIST_FILE = YES;
				INFOPLIST_FILE = GistsApp/Info.plist;
				INFOPLIST_KEY_UIApplicationSupportsIndirectInputEvents = YES;
				INFOPLIST_KEY_UILaunchStoryboardName = LaunchScreen;
				INFOPLIST_KEY_UISupportedInterfaceOrientations_iPad = "UIInterfaceOrientationPortrait UIInterfaceOrientationPortraitUpsideDown UIInterfaceOrientationLandscapeLeft UIInterfaceOrientationLandscapeRight";
				INFOPLIST_KEY_UISupportedInterfaceOrientations_iPhone = "UIInterfaceOrientationPortrait UIInterfaceOrientationLandscapeLeft UIInterfaceOrientationLandscapeRight";
				LD_RUNPATH_SEARCH_PATHS = (
					"$(inherited)",
					"@executable_path/Frameworks",
				);
				MARKETING_VERSION = 1.0;
				PRODUCT_BUNDLE_IDENTIFIER = jvico.GistsApp;
				PRODUCT_NAME = "$(TARGET_NAME)";
				SWIFT_EMIT_LOC_STRINGS = YES;
				SWIFT_VERSION = 5.0;
				TARGETED_DEVICE_FAMILY = "1,2";
			};
			name = Release;
		};
/* End XCBuildConfiguration section */

/* Begin XCConfigurationList section */
		8AF1343D2C7E4984002E4E3C /* Build configuration list for PBXProject "GistsApp" */ = {
			isa = XCConfigurationList;
			buildConfigurations = (
				8AF134542C7E4986002E4E3C /* Debug */,
				8AF134552C7E4986002E4E3C /* Release */,
			);
			defaultConfigurationIsVisible = 0;
			defaultConfigurationName = Release;
		};
		8AF134562C7E4986002E4E3C /* Build configuration list for PBXNativeTarget "GistsApp" */ = {
			isa = XCConfigurationList;
			buildConfigurations = (
				8AF134572C7E4986002E4E3C /* Debug */,
				8AF134582C7E4986002E4E3C /* Release */,
			);
			defaultConfigurationIsVisible = 0;
			defaultConfigurationName = Release;
		};
/* End XCConfigurationList section */

/* Begin XCLocalSwiftPackageReference section */
		8AF134952C7FB75B002E4E3C /* XCLocalSwiftPackageReference "Dependencies/NetworkService" */ = {
			isa = XCLocalSwiftPackageReference;
			relativePath = Dependencies/NetworkService;
		};
/* End XCLocalSwiftPackageReference section */

/* Begin XCRemoteSwiftPackageReference section */
		8AF1349D2C7FDBFB002E4E3C /* XCRemoteSwiftPackageReference "SnapKit" */ = {
			isa = XCRemoteSwiftPackageReference;
			repositoryURL = "https://github.com/SnapKit/SnapKit";
			requirement = {
				kind = upToNextMajorVersion;
				minimumVersion = 5.7.1;
			};
		};
/* End XCRemoteSwiftPackageReference section */

/* Begin XCSwiftPackageProductDependency section */
		8AF134962C7FB75B002E4E3C /* NetworkService */ = {
			isa = XCSwiftPackageProductDependency;
			productName = NetworkService;
		};
		8AF1349E2C7FDBFB002E4E3C /* SnapKit */ = {
			isa = XCSwiftPackageProductDependency;
			package = 8AF1349D2C7FDBFB002E4E3C /* XCRemoteSwiftPackageReference "SnapKit" */;
			productName = SnapKit;
		};
		8AF134A02C7FDBFB002E4E3C /* SnapKit-Dynamic */ = {
			isa = XCSwiftPackageProductDependency;
			package = 8AF1349D2C7FDBFB002E4E3C /* XCRemoteSwiftPackageReference "SnapKit" */;
			productName = "SnapKit-Dynamic";
		};
/* End XCSwiftPackageProductDependency section */
	};
	rootObject = 8AF1343A2C7E4984002E4E3C /* Project object */;
}
